
Microsoft Visual Studio Solution File, Format Version 12.00
# Visual Studio Version 17
VisualStudioVersion = 17.10.35004.147
MinimumVisualStudioVersion = 10.0.40219.1
Project("{FAE04EC0-301F-11D3-BF4B-00C04F79EFBC}") = "StudentPortal", "StudentPortal.csproj", "{A50D88F4-14C6-498F-9606-C01D69F44D18}"
EndProject
Global
	GlobalSection(SolutionConfigurationPlatforms) = preSolution
		Debug|Any CPU = Debug|Any CPU
		Release|Any CPU = Release|Any CPU
	EndGlobalSection
	GlobalSection(ProjectConfigurationPlatforms) = postSolution
		{A50D88F4-14C6-498F-9606-C01D69F44D18}.Debug|Any CPU.ActiveCfg = Debug|Any CPU
		{A50D88F4-14C6-498F-9606-C01D69F44D18}.Debug|Any CPU.Build.0 = Debug|Any CPU
		{A50D88F4-14C6-498F-9606-C01D69F44D18}.Release|Any CPU.ActiveCfg = Release|Any CPU
		{A50D88F4-14C6-498F-9606-C01D69F44D18}.Release|Any CPU.Build.0 = Release|Any CPU
	EndGlobalSection
	GlobalSection(SolutionProperties) = preSolution
		HideSolutionNode = FALSE
	EndGlobalSection
	GlobalSection(ExtensibilityGlobals) = postSolution
		SolutionGuid = {166091EA-526A-4FE6-A005-A657F3543AE5}
	EndGlobalSection
EndGlobal
